
Microsoft Visual Studio Solution File, Format Version 12.00
# Visual Studio Version 16
VisualStudioVersion = 16.0.30907.101
MinimumVisualStudioVersion = 10.0.40219.1
Project("{9A19103F-16F7-4668-BE54-9A1E7A4F7556}") = "PanGu.Lucene.Analyzer", "src\PanGu.Lucene.Analyzer\PanGu.Lucene.Analyzer.csproj", "{5A6AFB41-632D-46C0-B1AB-EB8B10C70A2A}"
EndProject
Project("{9A19103F-16F7-4668-BE54-9A1E7A4F7556}") = "PanGu.Lucene.Demo", "src\PanGu.Lucene.Demo\PanGu.Lucene.Demo.csproj", "{492783F0-F47F-42DB-8681-EEBE424CF756}"
EndProject
Project("{2150E333-8FDC-42A3-9474-1A3956D46DE8}") = "01 - Components", "01 - Components", "{35CE0D91-78E9-48C0-BC65-CD834D5F2883}"
EndProject
Project("{2150E333-8FDC-42A3-9474-1A3956D46DE8}") = "03 - Tests", "03 - Tests", "{ABA154EC-E6C4-4EAF-BE29-5035F7FCEC66}"
EndProject
Project("{9A19103F-16F7-4668-BE54-9A1E7A4F7556}") = "PanGu", "src\PanGu\PanGu.csproj", "{091E1C60-F77B-45A1-844C-86C5F508B57B}"
EndProject
Project("{9A19103F-16F7-4668-BE54-9A1E7A4F7556}") = "PanGu.HighLight", "src\PanGu.HighLight\PanGu.HighLight.csproj", "{49ADDF91-A6AD-4659-BCC9-C34E3596AC89}"
EndProject
Project("{2150E333-8FDC-42A3-9474-1A3956D46DE8}") = "02 - Toolkits", "02 - Toolkits", "{88902A88-D624-4FFB-B09F-D71B13DD2C2E}"
EndProject
Project("{9A19103F-16F7-4668-BE54-9A1E7A4F7556}") = "PanGu.DictionaryManager", "src\PanGu.DictionaryManager\PanGu.DictionaryManager.csproj", "{3B19BB75-09F6-4B99-B451-3AF86EFEEF3C}"
EndProject
Project("{9A19103F-16F7-4668-BE54-9A1E7A4F7556}") = "PanGu.Tests", "src\PanGu.Tests\PanGu.Tests.csproj", "{3EFC5D8F-2A1C-4015-8F76-C8B61A7D19A9}"
EndProject
Project("{9A19103F-16F7-4668-BE54-9A1E7A4F7556}") = "PanGu.Demo", "src\PanGu.Demo\PanGu.Demo.csproj", "{6B5AB614-25F9-4628-9F4C-594C3B2F4049}"
EndProject
Project("{2150E333-8FDC-42A3-9474-1A3956D46DE8}") = "04 - Demos", "04 - Demos", "{10599B3B-F285-4AE4-8F47-8C2AF632CC4A}"
EndProject
Project("{9A19103F-16F7-4668-BE54-9A1E7A4F7556}") = "PanGu.Lucene.Analyzer.Tests", "src\PanGu.Lucene.Analyzer.Tests\PanGu.Lucene.Analyzer.Tests.csproj", "{BBBFC39A-6F66-48BA-BDF3-64EC966EFFFF}"
EndProject
Project("{9A19103F-16F7-4668-BE54-9A1E7A4F7556}") = "PanGu.HighLight.Tests", "src\PanGu.HighLight.Tests\PanGu.HighLight.Tests.csproj", "{D1DDF3BD-4DD7-4A5E-86BA-0DF13783A6EF}"
EndProject
Global
	GlobalSection(SolutionConfigurationPlatforms) = preSolution
		Debug|Any CPU = Debug|Any CPU
		Release|Any CPU = Release|Any CPU
	EndGlobalSection
	GlobalSection(ProjectConfigurationPlatforms) = postSolution
		{5A6AFB41-632D-46C0-B1AB-EB8B10C70A2A}.Debug|Any CPU.ActiveCfg = Debug|Any CPU
		{5A6AFB41-632D-46C0-B1AB-EB8B10C70A2A}.Debug|Any CPU.Build.0 = Debug|Any CPU
		{5A6AFB41-632D-46C0-B1AB-EB8B10C70A2A}.Release|Any CPU.ActiveCfg = Release|Any CPU
		{5A6AFB41-632D-46C0-B1AB-EB8B10C70A2A}.Release|Any CPU.Build.0 = Release|Any CPU
		{492783F0-F47F-42DB-8681-EEBE424CF756}.Debug|Any CPU.ActiveCfg = Debug|Any CPU
		{492783F0-F47F-42DB-8681-EEBE424CF756}.Debug|Any CPU.Build.0 = Debug|Any CPU
		{492783F0-F47F-42DB-8681-EEBE424CF756}.Release|Any CPU.ActiveCfg = Release|Any CPU
		{492783F0-F47F-42DB-8681-EEBE424CF756}.Release|Any CPU.Build.0 = Release|Any CPU
		{091E1C60-F77B-45A1-844C-86C5F508B57B}.Debug|Any CPU.ActiveCfg = Debug|Any CPU
		{091E1C60-F77B-45A1-844C-86C5F508B57B}.Debug|Any CPU.Build.0 = Debug|Any CPU
		{091E1C60-F77B-45A1-844C-86C5F508B57B}.Release|Any CPU.ActiveCfg = Release|Any CPU
		{091E1C60-F77B-45A1-844C-86C5F508B57B}.Release|Any CPU.Build.0 = Release|Any CPU
		{49ADDF91-A6AD-4659-BCC9-C34E3596AC89}.Debug|Any CPU.ActiveCfg = Debug|Any CPU
		{49ADDF91-A6AD-4659-BCC9-C34E3596AC89}.Debug|Any CPU.Build.0 = Debug|Any CPU
		{49ADDF91-A6AD-4659-BCC9-C34E3596AC89}.Release|Any CPU.ActiveCfg = Release|Any CPU
		{49ADDF91-A6AD-4659-BCC9-C34E3596AC89}.Release|Any CPU.Build.0 = Release|Any CPU
		{3B19BB75-09F6-4B99-B451-3AF86EFEEF3C}.Debug|Any CPU.ActiveCfg = Debug|Any CPU
		{3B19BB75-09F6-4B99-B451-3AF86EFEEF3C}.Debug|Any CPU.Build.0 = Debug|Any CPU
		{3B19BB75-09F6-4B99-B451-3AF86EFEEF3C}.Release|Any CPU.ActiveCfg = Release|Any CPU
		{3B19BB75-09F6-4B99-B451-3AF86EFEEF3C}.Release|Any CPU.Build.0 = Release|Any CPU
		{3EFC5D8F-2A1C-4015-8F76-C8B61A7D19A9}.Debug|Any CPU.ActiveCfg = Debug|Any CPU
		{3EFC5D8F-2A1C-4015-8F76-C8B61A7D19A9}.Debug|Any CPU.Build.0 = Debug|Any CPU
		{3EFC5D8F-2A1C-4015-8F76-C8B61A7D19A9}.Release|Any CPU.ActiveCfg = Release|Any CPU
		{3EFC5D8F-2A1C-4015-8F76-C8B61A7D19A9}.Release|Any CPU.Build.0 = Release|Any CPU
		{6B5AB614-25F9-4628-9F4C-594C3B2F4049}.Debug|Any CPU.ActiveCfg = Debug|Any CPU
		{6B5AB614-25F9-4628-9F4C-594C3B2F4049}.Debug|Any CPU.Build.0 = Debug|Any CPU
		{6B5AB614-25F9-4628-9F4C-594C3B2F4049}.Release|Any CPU.ActiveCfg = Release|Any CPU
		{6B5AB614-25F9-4628-9F4C-594C3B2F4049}.Release|Any CPU.Build.0 = Release|Any CPU
		{BBBFC39A-6F66-48BA-BDF3-64EC966EFFFF}.Debug|Any CPU.ActiveCfg = Debug|Any CPU
		{BBBFC39A-6F66-48BA-BDF3-64EC966EFFFF}.Debug|Any CPU.Build.0 = Debug|Any CPU
		{BBBFC39A-6F66-48BA-BDF3-64EC966EFFFF}.Release|Any CPU.ActiveCfg = Release|Any CPU
		{BBBFC39A-6F66-48BA-BDF3-64EC966EFFFF}.Release|Any CPU.Build.0 = Release|Any CPU
		{D1DDF3BD-4DD7-4A5E-86BA-0DF13783A6EF}.Debug|Any CPU.ActiveCfg = Debug|Any CPU
		{D1DDF3BD-4DD7-4A5E-86BA-0DF13783A6EF}.Debug|Any CPU.Build.0 = Debug|Any CPU
		{D1DDF3BD-4DD7-4A5E-86BA-0DF13783A6EF}.Release|Any CPU.ActiveCfg = Release|Any CPU
		{D1DDF3BD-4DD7-4A5E-86BA-0DF13783A6EF}.Release|Any CPU.Build.0 = Release|Any CPU
	EndGlobalSection
	GlobalSection(SolutionProperties) = preSolution
		HideSolutionNode = FALSE
	EndGlobalSection
	GlobalSection(NestedProjects) = preSolution
		{5A6AFB41-632D-46C0-B1AB-EB8B10C70A2A} = {35CE0D91-78E9-48C0-BC65-CD834D5F2883}
		{492783F0-F47F-42DB-8681-EEBE424CF756} = {10599B3B-F285-4AE4-8F47-8C2AF632CC4A}
		{091E1C60-F77B-45A1-844C-86C5F508B57B} = {35CE0D91-78E9-48C0-BC65-CD834D5F2883}
		{49ADDF91-A6AD-4659-BCC9-C34E3596AC89} = {35CE0D91-78E9-48C0-BC65-CD834D5F2883}
		{3B19BB75-09F6-4B99-B451-3AF86EFEEF3C} = {88902A88-D624-4FFB-B09F-D71B13DD2C2E}
		{3EFC5D8F-2A1C-4015-8F76-C8B61A7D19A9} = {ABA154EC-E6C4-4EAF-BE29-5035F7FCEC66}
		{6B5AB614-25F9-4628-9F4C-594C3B2F4049} = {10599B3B-F285-4AE4-8F47-8C2AF632CC4A}
		{BBBFC39A-6F66-48BA-BDF3-64EC966EFFFF} = {ABA154EC-E6C4-4EAF-BE29-5035F7FCEC66}
		{D1DDF3BD-4DD7-4A5E-86BA-0DF13783A6EF} = {ABA154EC-E6C4-4EAF-BE29-5035F7FCEC66}
	EndGlobalSection
	GlobalSection(ExtensibilityGlobals) = postSolution
		SolutionGuid = {992FDB5C-55EF-449A-91CE-A699C4F8AE04}
	EndGlobalSection
EndGlobal
